
Microsoft Visual Studio Solution File, Format Version 12.00
# Visual Studio Version 16
VisualStudioVersion = 16.0.30804.86
MinimumVisualStudioVersion = 10.0.40219.1
Project("{FAE04EC0-301F-11D3-BF4B-00C04F79EFBC}") = "RandomizeWords", "RandomizeWords\RandomizeWords.csproj", "{5F7F6C0B-97CB-43D2-9B5B-B557935C9A60}"
EndProject
Project("{FAE04EC0-301F-11D3-BF4B-00C04F79EFBC}") = "BigFactorial", "BigFactorial\BigFactorial.csproj", "{03CBEF2C-00B5-4578-898E-030A383CD32E}"
EndProject
Project("{FAE04EC0-301F-11D3-BF4B-00C04F79EFBC}") = "Songs", "Songs\Songs.csproj", "{FD9BABF8-9443-4D2B-8C72-D54F33DBAFA2}"
EndProject
Project("{FAE04EC0-301F-11D3-BF4B-00C04F79EFBC}") = "Students", "Students\Students.csproj", "{C9BDEBC9-F782-4627-8243-3CD8B8BCF46E}"
EndProject
Project("{FAE04EC0-301F-11D3-BF4B-00C04F79EFBC}") = "Students2", "Students2\Students2.csproj", "{9E01C1D8-952D-49C3-9F1E-C301404A9A00}"
EndProject
Project("{FAE04EC0-301F-11D3-BF4B-00C04F79EFBC}") = "StoreBoxes", "StoreBoxes\StoreBoxes.csproj", "{13AC571C-8261-49A5-8FAA-7FDA15AAB0FA}"
EndProject
Project("{FAE04EC0-301F-11D3-BF4B-00C04F79EFBC}") = "VehicleCatalogue", "VehicleCatalogue\VehicleCatalogue.csproj", "{21EE852A-B7E4-49C3-9677-B587DD7EEBFB}"
EndProject
Global
	GlobalSection(SolutionConfigurationPlatforms) = preSolution
		Debug|Any CPU = Debug|Any CPU
		Release|Any CPU = Release|Any CPU
	EndGlobalSection
	GlobalSection(ProjectConfigurationPlatforms) = postSolution
		{5F7F6C0B-97CB-43D2-9B5B-B557935C9A60}.Debug|Any CPU.ActiveCfg = Debug|Any CPU
		{5F7F6C0B-97CB-43D2-9B5B-B557935C9A60}.Debug|Any CPU.Build.0 = Debug|Any CPU
		{5F7F6C0B-97CB-43D2-9B5B-B557935C9A60}.Release|Any CPU.ActiveCfg = Release|Any CPU
		{5F7F6C0B-97CB-43D2-9B5B-B557935C9A60}.Release|Any CPU.Build.0 = Release|Any CPU
		{03CBEF2C-00B5-4578-898E-030A383CD32E}.Debug|Any CPU.ActiveCfg = Debug|Any CPU
		{03CBEF2C-00B5-4578-898E-030A383CD32E}.Debug|Any CPU.Build.0 = Debug|Any CPU
		{03CBEF2C-00B5-4578-898E-030A383CD32E}.Release|Any CPU.ActiveCfg = Release|Any CPU
		{03CBEF2C-00B5-4578-898E-030A383CD32E}.Release|Any CPU.Build.0 = Release|Any CPU
		{FD9BABF8-9443-4D2B-8C72-D54F33DBAFA2}.Debug|Any CPU.ActiveCfg = Debug|Any CPU
		{FD9BABF8-9443-4D2B-8C72-D54F33DBAFA2}.Debug|Any CPU.Build.0 = Debug|Any CPU
		{FD9BABF8-9443-4D2B-8C72-D54F33DBAFA2}.Release|Any CPU.ActiveCfg = Release|Any CPU
		{FD9BABF8-9443-4D2B-8C72-D54F33DBAFA2}.Release|Any CPU.Build.0 = Release|Any CPU
		{C9BDEBC9-F782-4627-8243-3CD8B8BCF46E}.Debug|Any CPU.ActiveCfg = Debug|Any CPU
		{C9BDEBC9-F782-4627-8243-3CD8B8BCF46E}.Debug|Any CPU.Build.0 = Debug|Any CPU
		{C9BDEBC9-F782-4627-8243-3CD8B8BCF46E}.Release|Any CPU.ActiveCfg = Release|Any CPU
		{C9BDEBC9-F782-4627-8243-3CD8B8BCF46E}.Release|Any CPU.Build.0 = Release|Any CPU
		{9E01C1D8-952D-49C3-9F1E-C301404A9A00}.Debug|Any CPU.ActiveCfg = Debug|Any CPU
		{9E01C1D8-952D-49C3-9F1E-C301404A9A00}.Debug|Any CPU.Build.0 = Debug|Any CPU
		{9E01C1D8-952D-49C3-9F1E-C301404A9A00}.Release|Any CPU.ActiveCfg = Release|Any CPU
		{9E01C1D8-952D-49C3-9F1E-C301404A9A00}.Release|Any CPU.Build.0 = Release|Any CPU
		{13AC571C-8261-49A5-8FAA-7FDA15AAB0FA}.Debug|Any CPU.ActiveCfg = Debug|Any CPU
		{13AC571C-8261-49A5-8FAA-7FDA15AAB0FA}.Debug|Any CPU.Build.0 = Debug|Any CPU
		{13AC571C-8261-49A5-8FAA-7FDA15AAB0FA}.Release|Any CPU.ActiveCfg = Release|Any CPU
		{13AC571C-8261-49A5-8FAA-7FDA15AAB0FA}.Release|Any CPU.Build.0 = Release|Any CPU
		{21EE852A-B7E4-49C3-9677-B587DD7EEBFB}.Debug|Any CPU.ActiveCfg = Debug|Any CPU
		{21EE852A-B7E4-49C3-9677-B587DD7EEBFB}.Debug|Any CPU.Build.0 = Debug|Any CPU
		{21EE852A-B7E4-49C3-9677-B587DD7EEBFB}.Release|Any CPU.ActiveCfg = Release|Any CPU
		{21EE852A-B7E4-49C3-9677-B587DD7EEBFB}.Release|Any CPU.Build.0 = Release|Any CPU
	EndGlobalSection
	GlobalSection(SolutionProperties) = preSolution
		HideSolutionNode = FALSE
	EndGlobalSection
	GlobalSection(ExtensibilityGlobals) = postSolution
		SolutionGuid = {DECDCE73-CE14-40E7-A313-8E15FAA47043}
	EndGlobalSection
EndGlobal
