
Microsoft Visual Studio Solution File, Format Version 12.00
# Visual Studio Version 16
VisualStudioVersion = 16.0.30717.126
MinimumVisualStudioVersion = 10.0.40219.1
Project("{FAE04EC0-301F-11D3-BF4B-00C04F79EFBC}") = "BonusScoringSystem", "BonusScoringSystem\BonusScoringSystem.csproj", "{A541F4B0-DAE1-4ECC-BB63-01CE852226DB}"
EndProject
Global
	GlobalSection(SolutionConfigurationPlatforms) = preSolution
		Debug|Any CPU = Debug|Any CPU
		Release|Any CPU = Release|Any CPU
	EndGlobalSection
	GlobalSection(ProjectConfigurationPlatforms) = postSolution
		{A541F4B0-DAE1-4ECC-BB63-01CE852226DB}.Debug|Any CPU.ActiveCfg = Debug|Any CPU
		{A541F4B0-DAE1-4ECC-BB63-01CE852226DB}.Debug|Any CPU.Build.0 = Debug|Any CPU
		{A541F4B0-DAE1-4ECC-BB63-01CE852226DB}.Release|Any CPU.ActiveCfg = Release|Any CPU
		{A541F4B0-DAE1-4ECC-BB63-01CE852226DB}.Release|Any CPU.Build.0 = Release|Any CPU
	EndGlobalSection
	GlobalSection(SolutionProperties) = preSolution
		HideSolutionNode = FALSE
	EndGlobalSection
	GlobalSection(ExtensibilityGlobals) = postSolution
		SolutionGuid = {DF608393-2760-4CE0-B899-C92FBAC61E35}
	EndGlobalSection
EndGlobal
