
Microsoft Visual Studio Solution File, Format Version 12.00
# Visual Studio Version 16
VisualStudioVersion = 16.0.30717.126
MinimumVisualStudioVersion = 10.0.40219.1
Project("{9A19103F-16F7-4668-BE54-9A1E7A4F7556}") = "ActivationKeys", "ActivationKeys\ActivationKeys.csproj", "{F8225E8D-88C4-4834-B099-E72107956894}"
EndProject
Project("{9A19103F-16F7-4668-BE54-9A1E7A4F7556}") = "EmojiDetector", "EmojiDetector\EmojiDetector.csproj", "{7B152171-1C73-44EA-84A7-6FBDBF57A2D8}"
EndProject
Project("{9A19103F-16F7-4668-BE54-9A1E7A4F7556}") = "P!rates", "P!rates\P!rates.csproj", "{CC53DB95-93F5-42DF-A724-D095509F3019}"
EndProject
Project("{9A19103F-16F7-4668-BE54-9A1E7A4F7556}") = "PasswordReset", "PasswordReset\PasswordReset.csproj", "{0D8567E4-37CF-4181-8207-A61B0D67F04D}"
EndProject
Project("{9A19103F-16F7-4668-BE54-9A1E7A4F7556}") = "FancyBarcodes", "FancyBarcodes\FancyBarcodes.csproj", "{2C00C0A1-7852-4817-9CFE-1C6A2ED89F78}"
EndProject
Project("{9A19103F-16F7-4668-BE54-9A1E7A4F7556}") = "HeroesOfCodeAndLogic", "HeroesOfCodeAndLogic\HeroesOfCodeAndLogic.csproj", "{692C2B71-A70D-46FA-AAF0-3AA7C33B8C5A}"
EndProject
Project("{FAE04EC0-301F-11D3-BF4B-00C04F79EFBC}") = "SecretChat", "SecretChat\SecretChat.csproj", "{81C24A37-AB59-45AA-93FC-6F9B6FEF7E91}"
EndProject
Project("{FAE04EC0-301F-11D3-BF4B-00C04F79EFBC}") = "MirrorWords", "MirrorWords\MirrorWords.csproj", "{E07E9E15-7ABE-4607-A6E3-9D6757D89142}"
EndProject
Project("{FAE04EC0-301F-11D3-BF4B-00C04F79EFBC}") = "NeedForSpeed", "NeedForSpeed\NeedForSpeed.csproj", "{851952FD-0402-4903-A0D9-778F1E25300B}"
EndProject
Project("{FAE04EC0-301F-11D3-BF4B-00C04F79EFBC}") = "WorldTour", "WorldTour\WorldTour.csproj", "{6C129090-C6CC-4E4C-87CC-C6A1C9F4AAB8}"
EndProject
Global
	GlobalSection(SolutionConfigurationPlatforms) = preSolution
		Debug|Any CPU = Debug|Any CPU
		Release|Any CPU = Release|Any CPU
	EndGlobalSection
	GlobalSection(ProjectConfigurationPlatforms) = postSolution
		{F8225E8D-88C4-4834-B099-E72107956894}.Debug|Any CPU.ActiveCfg = Debug|Any CPU
		{F8225E8D-88C4-4834-B099-E72107956894}.Debug|Any CPU.Build.0 = Debug|Any CPU
		{F8225E8D-88C4-4834-B099-E72107956894}.Release|Any CPU.ActiveCfg = Release|Any CPU
		{F8225E8D-88C4-4834-B099-E72107956894}.Release|Any CPU.Build.0 = Release|Any CPU
		{7B152171-1C73-44EA-84A7-6FBDBF57A2D8}.Debug|Any CPU.ActiveCfg = Debug|Any CPU
		{7B152171-1C73-44EA-84A7-6FBDBF57A2D8}.Debug|Any CPU.Build.0 = Debug|Any CPU
		{7B152171-1C73-44EA-84A7-6FBDBF57A2D8}.Release|Any CPU.ActiveCfg = Release|Any CPU
		{7B152171-1C73-44EA-84A7-6FBDBF57A2D8}.Release|Any CPU.Build.0 = Release|Any CPU
		{CC53DB95-93F5-42DF-A724-D095509F3019}.Debug|Any CPU.ActiveCfg = Debug|Any CPU
		{CC53DB95-93F5-42DF-A724-D095509F3019}.Debug|Any CPU.Build.0 = Debug|Any CPU
		{CC53DB95-93F5-42DF-A724-D095509F3019}.Release|Any CPU.ActiveCfg = Release|Any CPU
		{CC53DB95-93F5-42DF-A724-D095509F3019}.Release|Any CPU.Build.0 = Release|Any CPU
		{0D8567E4-37CF-4181-8207-A61B0D67F04D}.Debug|Any CPU.ActiveCfg = Debug|Any CPU
		{0D8567E4-37CF-4181-8207-A61B0D67F04D}.Debug|Any CPU.Build.0 = Debug|Any CPU
		{0D8567E4-37CF-4181-8207-A61B0D67F04D}.Release|Any CPU.ActiveCfg = Release|Any CPU
		{0D8567E4-37CF-4181-8207-A61B0D67F04D}.Release|Any CPU.Build.0 = Release|Any CPU
		{2C00C0A1-7852-4817-9CFE-1C6A2ED89F78}.Debug|Any CPU.ActiveCfg = Debug|Any CPU
		{2C00C0A1-7852-4817-9CFE-1C6A2ED89F78}.Debug|Any CPU.Build.0 = Debug|Any CPU
		{2C00C0A1-7852-4817-9CFE-1C6A2ED89F78}.Release|Any CPU.ActiveCfg = Release|Any CPU
		{2C00C0A1-7852-4817-9CFE-1C6A2ED89F78}.Release|Any CPU.Build.0 = Release|Any CPU
		{692C2B71-A70D-46FA-AAF0-3AA7C33B8C5A}.Debug|Any CPU.ActiveCfg = Debug|Any CPU
		{692C2B71-A70D-46FA-AAF0-3AA7C33B8C5A}.Debug|Any CPU.Build.0 = Debug|Any CPU
		{692C2B71-A70D-46FA-AAF0-3AA7C33B8C5A}.Release|Any CPU.ActiveCfg = Release|Any CPU
		{692C2B71-A70D-46FA-AAF0-3AA7C33B8C5A}.Release|Any CPU.Build.0 = Release|Any CPU
		{81C24A37-AB59-45AA-93FC-6F9B6FEF7E91}.Debug|Any CPU.ActiveCfg = Debug|Any CPU
		{81C24A37-AB59-45AA-93FC-6F9B6FEF7E91}.Debug|Any CPU.Build.0 = Debug|Any CPU
		{81C24A37-AB59-45AA-93FC-6F9B6FEF7E91}.Release|Any CPU.ActiveCfg = Release|Any CPU
		{81C24A37-AB59-45AA-93FC-6F9B6FEF7E91}.Release|Any CPU.Build.0 = Release|Any CPU
		{E07E9E15-7ABE-4607-A6E3-9D6757D89142}.Debug|Any CPU.ActiveCfg = Debug|Any CPU
		{E07E9E15-7ABE-4607-A6E3-9D6757D89142}.Debug|Any CPU.Build.0 = Debug|Any CPU
		{E07E9E15-7ABE-4607-A6E3-9D6757D89142}.Release|Any CPU.ActiveCfg = Release|Any CPU
		{E07E9E15-7ABE-4607-A6E3-9D6757D89142}.Release|Any CPU.Build.0 = Release|Any CPU
		{851952FD-0402-4903-A0D9-778F1E25300B}.Debug|Any CPU.ActiveCfg = Debug|Any CPU
		{851952FD-0402-4903-A0D9-778F1E25300B}.Debug|Any CPU.Build.0 = Debug|Any CPU
		{851952FD-0402-4903-A0D9-778F1E25300B}.Release|Any CPU.ActiveCfg = Release|Any CPU
		{851952FD-0402-4903-A0D9-778F1E25300B}.Release|Any CPU.Build.0 = Release|Any CPU
		{6C129090-C6CC-4E4C-87CC-C6A1C9F4AAB8}.Debug|Any CPU.ActiveCfg = Debug|Any CPU
		{6C129090-C6CC-4E4C-87CC-C6A1C9F4AAB8}.Debug|Any CPU.Build.0 = Debug|Any CPU
		{6C129090-C6CC-4E4C-87CC-C6A1C9F4AAB8}.Release|Any CPU.ActiveCfg = Release|Any CPU
		{6C129090-C6CC-4E4C-87CC-C6A1C9F4AAB8}.Release|Any CPU.Build.0 = Release|Any CPU
	EndGlobalSection
	GlobalSection(SolutionProperties) = preSolution
		HideSolutionNode = FALSE
	EndGlobalSection
	GlobalSection(ExtensibilityGlobals) = postSolution
		SolutionGuid = {AF311CC8-B3EB-45B0-B51F-C67033D6BEBB}
	EndGlobalSection
EndGlobal
