
Microsoft Visual Studio Solution File, Format Version 12.00
# Visual Studio Version 16
VisualStudioVersion = 16.0.30804.86
MinimumVisualStudioVersion = 10.0.40219.1
Project("{9A19103F-16F7-4668-BE54-9A1E7A4F7556}") = "DataTypes", "DataTypes\DataTypes.csproj", "{5A1A193D-CC09-4F46-9F5A-41E154F3BD3B}"
EndProject
Project("{9A19103F-16F7-4668-BE54-9A1E7A4F7556}") = "CenterPoint", "CenterPoint\CenterPoint.csproj", "{A803CD19-5F15-4AA4-A7C5-96E9D0F3A58D}"
EndProject
Project("{9A19103F-16F7-4668-BE54-9A1E7A4F7556}") = "LongerLine", "LongerLine\LongerLine.csproj", "{27116C85-7657-462D-A59B-221DF1A74C62}"
EndProject
Project("{FAE04EC0-301F-11D3-BF4B-00C04F79EFBC}") = "TribonacciSequence", "TribonacciSequence\TribonacciSequence.csproj", "{2BE94F99-2F56-4333-9E3F-145F31F56F74}"
EndProject
Project("{FAE04EC0-301F-11D3-BF4B-00C04F79EFBC}") = "MultiplicationSign", "MultiplicationSign\MultiplicationSign.csproj", "{5BC2E26F-27B6-4F5D-A8E9-2C5890820BC8}"
EndProject
Global
	GlobalSection(SolutionConfigurationPlatforms) = preSolution
		Debug|Any CPU = Debug|Any CPU
		Release|Any CPU = Release|Any CPU
	EndGlobalSection
	GlobalSection(ProjectConfigurationPlatforms) = postSolution
		{5A1A193D-CC09-4F46-9F5A-41E154F3BD3B}.Debug|Any CPU.ActiveCfg = Debug|Any CPU
		{5A1A193D-CC09-4F46-9F5A-41E154F3BD3B}.Debug|Any CPU.Build.0 = Debug|Any CPU
		{5A1A193D-CC09-4F46-9F5A-41E154F3BD3B}.Release|Any CPU.ActiveCfg = Release|Any CPU
		{5A1A193D-CC09-4F46-9F5A-41E154F3BD3B}.Release|Any CPU.Build.0 = Release|Any CPU
		{A803CD19-5F15-4AA4-A7C5-96E9D0F3A58D}.Debug|Any CPU.ActiveCfg = Debug|Any CPU
		{A803CD19-5F15-4AA4-A7C5-96E9D0F3A58D}.Debug|Any CPU.Build.0 = Debug|Any CPU
		{A803CD19-5F15-4AA4-A7C5-96E9D0F3A58D}.Release|Any CPU.ActiveCfg = Release|Any CPU
		{A803CD19-5F15-4AA4-A7C5-96E9D0F3A58D}.Release|Any CPU.Build.0 = Release|Any CPU
		{27116C85-7657-462D-A59B-221DF1A74C62}.Debug|Any CPU.ActiveCfg = Debug|Any CPU
		{27116C85-7657-462D-A59B-221DF1A74C62}.Debug|Any CPU.Build.0 = Debug|Any CPU
		{27116C85-7657-462D-A59B-221DF1A74C62}.Release|Any CPU.ActiveCfg = Release|Any CPU
		{27116C85-7657-462D-A59B-221DF1A74C62}.Release|Any CPU.Build.0 = Release|Any CPU
		{2BE94F99-2F56-4333-9E3F-145F31F56F74}.Debug|Any CPU.ActiveCfg = Debug|Any CPU
		{2BE94F99-2F56-4333-9E3F-145F31F56F74}.Debug|Any CPU.Build.0 = Debug|Any CPU
		{2BE94F99-2F56-4333-9E3F-145F31F56F74}.Release|Any CPU.ActiveCfg = Release|Any CPU
		{2BE94F99-2F56-4333-9E3F-145F31F56F74}.Release|Any CPU.Build.0 = Release|Any CPU
		{5BC2E26F-27B6-4F5D-A8E9-2C5890820BC8}.Debug|Any CPU.ActiveCfg = Debug|Any CPU
		{5BC2E26F-27B6-4F5D-A8E9-2C5890820BC8}.Debug|Any CPU.Build.0 = Debug|Any CPU
		{5BC2E26F-27B6-4F5D-A8E9-2C5890820BC8}.Release|Any CPU.ActiveCfg = Release|Any CPU
		{5BC2E26F-27B6-4F5D-A8E9-2C5890820BC8}.Release|Any CPU.Build.0 = Release|Any CPU
	EndGlobalSection
	GlobalSection(SolutionProperties) = preSolution
		HideSolutionNode = FALSE
	EndGlobalSection
	GlobalSection(ExtensibilityGlobals) = postSolution
		SolutionGuid = {1BF15087-832C-4FB1-9042-A70B96B9393F}
	EndGlobalSection
EndGlobal
