
Microsoft Visual Studio Solution File, Format Version 12.00
# Visual Studio Version 16
VisualStudioVersion = 16.0.30804.86
MinimumVisualStudioVersion = 10.0.40219.1
Project("{FAE04EC0-301F-11D3-BF4B-00C04F79EFBC}") = "PersonInfo", "PersonInfo\PersonInfo.csproj", "{CF5A468B-BF0B-4C98-9062-5314562EF005}"
EndProject
Project("{FAE04EC0-301F-11D3-BF4B-00C04F79EFBC}") = "Telephony", "Telephony\Telephony.csproj", "{9FB2DE65-A6A8-406E-AFE6-6301FCD382A6}"
EndProject
Project("{FAE04EC0-301F-11D3-BF4B-00C04F79EFBC}") = "BorderControl", "BorderControl\BorderControl.csproj", "{96BF35BD-255E-48AA-A906-BA355EB83970}"
EndProject
Global
	GlobalSection(SolutionConfigurationPlatforms) = preSolution
		Debug|Any CPU = Debug|Any CPU
		Release|Any CPU = Release|Any CPU
	EndGlobalSection
	GlobalSection(ProjectConfigurationPlatforms) = postSolution
		{CF5A468B-BF0B-4C98-9062-5314562EF005}.Debug|Any CPU.ActiveCfg = Debug|Any CPU
		{CF5A468B-BF0B-4C98-9062-5314562EF005}.Debug|Any CPU.Build.0 = Debug|Any CPU
		{CF5A468B-BF0B-4C98-9062-5314562EF005}.Release|Any CPU.ActiveCfg = Release|Any CPU
		{CF5A468B-BF0B-4C98-9062-5314562EF005}.Release|Any CPU.Build.0 = Release|Any CPU
		{9FB2DE65-A6A8-406E-AFE6-6301FCD382A6}.Debug|Any CPU.ActiveCfg = Debug|Any CPU
		{9FB2DE65-A6A8-406E-AFE6-6301FCD382A6}.Debug|Any CPU.Build.0 = Debug|Any CPU
		{9FB2DE65-A6A8-406E-AFE6-6301FCD382A6}.Release|Any CPU.ActiveCfg = Release|Any CPU
		{9FB2DE65-A6A8-406E-AFE6-6301FCD382A6}.Release|Any CPU.Build.0 = Release|Any CPU
		{96BF35BD-255E-48AA-A906-BA355EB83970}.Debug|Any CPU.ActiveCfg = Debug|Any CPU
		{96BF35BD-255E-48AA-A906-BA355EB83970}.Debug|Any CPU.Build.0 = Debug|Any CPU
		{96BF35BD-255E-48AA-A906-BA355EB83970}.Release|Any CPU.ActiveCfg = Release|Any CPU
		{96BF35BD-255E-48AA-A906-BA355EB83970}.Release|Any CPU.Build.0 = Release|Any CPU
	EndGlobalSection
	GlobalSection(SolutionProperties) = preSolution
		HideSolutionNode = FALSE
	EndGlobalSection
	GlobalSection(ExtensibilityGlobals) = postSolution
		SolutionGuid = {B8A04C9B-0B96-4F0C-91EF-04EBF4B87ACC}
	EndGlobalSection
EndGlobal
