
Microsoft Visual Studio Solution File, Format Version 12.00
# Visual Studio Version 16
VisualStudioVersion = 16.0.30804.86
MinimumVisualStudioVersion = 10.0.40219.1
Project("{FAE04EC0-301F-11D3-BF4B-00C04F79EFBC}") = "ExtractPersonInformation", "ExtractPersonInformation\ExtractPersonInformation.csproj", "{04DADE09-5B65-490D-84BD-95826FA6D8AB}"
EndProject
Project("{FAE04EC0-301F-11D3-BF4B-00C04F79EFBC}") = "AsciiSumator", "AsciiSumator\AsciiSumator.csproj", "{F1902D27-BCB0-4FF5-880B-5FCEADFD93B1}"
EndProject
Project("{FAE04EC0-301F-11D3-BF4B-00C04F79EFBC}") = "TreasureFinder", "TreasureFinder\TreasureFinder.csproj", "{243848B1-92FD-47D0-85CD-FC2EA7F8DE93}"
EndProject
Project("{FAE04EC0-301F-11D3-BF4B-00C04F79EFBC}") = "MorseCodeTranslator", "MorseCodeTranslator\MorseCodeTranslator.csproj", "{905A929C-9574-4518-B64E-73E0BDCE137A}"
EndProject
Project("{FAE04EC0-301F-11D3-BF4B-00C04F79EFBC}") = "HTML", "HTML\HTML.csproj", "{77B7BB24-4CED-4189-BA90-CCD4CC459A7E}"
EndProject
Global
	GlobalSection(SolutionConfigurationPlatforms) = preSolution
		Debug|Any CPU = Debug|Any CPU
		Release|Any CPU = Release|Any CPU
	EndGlobalSection
	GlobalSection(ProjectConfigurationPlatforms) = postSolution
		{04DADE09-5B65-490D-84BD-95826FA6D8AB}.Debug|Any CPU.ActiveCfg = Debug|Any CPU
		{04DADE09-5B65-490D-84BD-95826FA6D8AB}.Debug|Any CPU.Build.0 = Debug|Any CPU
		{04DADE09-5B65-490D-84BD-95826FA6D8AB}.Release|Any CPU.ActiveCfg = Release|Any CPU
		{04DADE09-5B65-490D-84BD-95826FA6D8AB}.Release|Any CPU.Build.0 = Release|Any CPU
		{F1902D27-BCB0-4FF5-880B-5FCEADFD93B1}.Debug|Any CPU.ActiveCfg = Debug|Any CPU
		{F1902D27-BCB0-4FF5-880B-5FCEADFD93B1}.Debug|Any CPU.Build.0 = Debug|Any CPU
		{F1902D27-BCB0-4FF5-880B-5FCEADFD93B1}.Release|Any CPU.ActiveCfg = Release|Any CPU
		{F1902D27-BCB0-4FF5-880B-5FCEADFD93B1}.Release|Any CPU.Build.0 = Release|Any CPU
		{243848B1-92FD-47D0-85CD-FC2EA7F8DE93}.Debug|Any CPU.ActiveCfg = Debug|Any CPU
		{243848B1-92FD-47D0-85CD-FC2EA7F8DE93}.Debug|Any CPU.Build.0 = Debug|Any CPU
		{243848B1-92FD-47D0-85CD-FC2EA7F8DE93}.Release|Any CPU.ActiveCfg = Release|Any CPU
		{243848B1-92FD-47D0-85CD-FC2EA7F8DE93}.Release|Any CPU.Build.0 = Release|Any CPU
		{905A929C-9574-4518-B64E-73E0BDCE137A}.Debug|Any CPU.ActiveCfg = Debug|Any CPU
		{905A929C-9574-4518-B64E-73E0BDCE137A}.Debug|Any CPU.Build.0 = Debug|Any CPU
		{905A929C-9574-4518-B64E-73E0BDCE137A}.Release|Any CPU.ActiveCfg = Release|Any CPU
		{905A929C-9574-4518-B64E-73E0BDCE137A}.Release|Any CPU.Build.0 = Release|Any CPU
		{77B7BB24-4CED-4189-BA90-CCD4CC459A7E}.Debug|Any CPU.ActiveCfg = Debug|Any CPU
		{77B7BB24-4CED-4189-BA90-CCD4CC459A7E}.Debug|Any CPU.Build.0 = Debug|Any CPU
		{77B7BB24-4CED-4189-BA90-CCD4CC459A7E}.Release|Any CPU.ActiveCfg = Release|Any CPU
		{77B7BB24-4CED-4189-BA90-CCD4CC459A7E}.Release|Any CPU.Build.0 = Release|Any CPU
	EndGlobalSection
	GlobalSection(SolutionProperties) = preSolution
		HideSolutionNode = FALSE
	EndGlobalSection
	GlobalSection(ExtensibilityGlobals) = postSolution
		SolutionGuid = {610A74E3-5A78-46F5-A875-7CAB197AE27F}
	EndGlobalSection
EndGlobal
