
Microsoft Visual Studio Solution File, Format Version 12.00
# Visual Studio Version 16
VisualStudioVersion = 16.0.30804.86
MinimumVisualStudioVersion = 10.0.40219.1
Project("{FAE04EC0-301F-11D3-BF4B-00C04F79EFBC}") = "Operations", "Operations\Operations.csproj", "{E3FC4292-D127-4319-8CCF-A0B9AC97AD0C}"
EndProject
Project("{FAE04EC0-301F-11D3-BF4B-00C04F79EFBC}") = "Animals", "Animals\Animals.csproj", "{BD75AF20-6753-4573-95B2-9E715C699069}"
EndProject
Project("{FAE04EC0-301F-11D3-BF4B-00C04F79EFBC}") = "Shapes", "Shapes\Shapes.csproj", "{F06FC3C3-DCEA-4CFC-BC30-369864EAAAFA}"
EndProject
Global
	GlobalSection(SolutionConfigurationPlatforms) = preSolution
		Debug|Any CPU = Debug|Any CPU
		Release|Any CPU = Release|Any CPU
	EndGlobalSection
	GlobalSection(ProjectConfigurationPlatforms) = postSolution
		{E3FC4292-D127-4319-8CCF-A0B9AC97AD0C}.Debug|Any CPU.ActiveCfg = Debug|Any CPU
		{E3FC4292-D127-4319-8CCF-A0B9AC97AD0C}.Debug|Any CPU.Build.0 = Debug|Any CPU
		{E3FC4292-D127-4319-8CCF-A0B9AC97AD0C}.Release|Any CPU.ActiveCfg = Release|Any CPU
		{E3FC4292-D127-4319-8CCF-A0B9AC97AD0C}.Release|Any CPU.Build.0 = Release|Any CPU
		{BD75AF20-6753-4573-95B2-9E715C699069}.Debug|Any CPU.ActiveCfg = Debug|Any CPU
		{BD75AF20-6753-4573-95B2-9E715C699069}.Debug|Any CPU.Build.0 = Debug|Any CPU
		{BD75AF20-6753-4573-95B2-9E715C699069}.Release|Any CPU.ActiveCfg = Release|Any CPU
		{BD75AF20-6753-4573-95B2-9E715C699069}.Release|Any CPU.Build.0 = Release|Any CPU
		{F06FC3C3-DCEA-4CFC-BC30-369864EAAAFA}.Debug|Any CPU.ActiveCfg = Debug|Any CPU
		{F06FC3C3-DCEA-4CFC-BC30-369864EAAAFA}.Debug|Any CPU.Build.0 = Debug|Any CPU
		{F06FC3C3-DCEA-4CFC-BC30-369864EAAAFA}.Release|Any CPU.ActiveCfg = Release|Any CPU
		{F06FC3C3-DCEA-4CFC-BC30-369864EAAAFA}.Release|Any CPU.Build.0 = Release|Any CPU
	EndGlobalSection
	GlobalSection(SolutionProperties) = preSolution
		HideSolutionNode = FALSE
	EndGlobalSection
	GlobalSection(ExtensibilityGlobals) = postSolution
		SolutionGuid = {9AC740E4-520E-47AB-9327-A4006E42BBE5}
	EndGlobalSection
EndGlobal
