
Microsoft Visual Studio Solution File, Format Version 12.00
# Visual Studio Version 16
VisualStudioVersion = 16.0.30804.86
MinimumVisualStudioVersion = 10.0.40219.1
Project("{9A19103F-16F7-4668-BE54-9A1E7A4F7556}") = "Vehicles", "Vehicles\Vehicles.csproj", "{316F1E59-4A21-48CD-A14D-B4DE98181A4B}"
EndProject
Project("{FAE04EC0-301F-11D3-BF4B-00C04F79EFBC}") = "Raiding", "Raiding\Raiding.csproj", "{CB19D3B4-E126-4DC4-8A90-14B0D8FCFB56}"
EndProject
Project("{FAE04EC0-301F-11D3-BF4B-00C04F79EFBC}") = "WildFarm", "WildFarm\WildFarm.csproj", "{D5107771-5733-4826-9D74-37FE28FC65E9}"
EndProject
Global
	GlobalSection(SolutionConfigurationPlatforms) = preSolution
		Debug|Any CPU = Debug|Any CPU
		Release|Any CPU = Release|Any CPU
	EndGlobalSection
	GlobalSection(ProjectConfigurationPlatforms) = postSolution
		{316F1E59-4A21-48CD-A14D-B4DE98181A4B}.Debug|Any CPU.ActiveCfg = Debug|Any CPU
		{316F1E59-4A21-48CD-A14D-B4DE98181A4B}.Debug|Any CPU.Build.0 = Debug|Any CPU
		{316F1E59-4A21-48CD-A14D-B4DE98181A4B}.Release|Any CPU.ActiveCfg = Release|Any CPU
		{316F1E59-4A21-48CD-A14D-B4DE98181A4B}.Release|Any CPU.Build.0 = Release|Any CPU
		{CB19D3B4-E126-4DC4-8A90-14B0D8FCFB56}.Debug|Any CPU.ActiveCfg = Debug|Any CPU
		{CB19D3B4-E126-4DC4-8A90-14B0D8FCFB56}.Debug|Any CPU.Build.0 = Debug|Any CPU
		{CB19D3B4-E126-4DC4-8A90-14B0D8FCFB56}.Release|Any CPU.ActiveCfg = Release|Any CPU
		{CB19D3B4-E126-4DC4-8A90-14B0D8FCFB56}.Release|Any CPU.Build.0 = Release|Any CPU
		{D5107771-5733-4826-9D74-37FE28FC65E9}.Debug|Any CPU.ActiveCfg = Debug|Any CPU
		{D5107771-5733-4826-9D74-37FE28FC65E9}.Debug|Any CPU.Build.0 = Debug|Any CPU
		{D5107771-5733-4826-9D74-37FE28FC65E9}.Release|Any CPU.ActiveCfg = Release|Any CPU
		{D5107771-5733-4826-9D74-37FE28FC65E9}.Release|Any CPU.Build.0 = Release|Any CPU
	EndGlobalSection
	GlobalSection(SolutionProperties) = preSolution
		HideSolutionNode = FALSE
	EndGlobalSection
	GlobalSection(ExtensibilityGlobals) = postSolution
		SolutionGuid = {9954E2D6-BDDE-46EE-92E6-21470C5FDA8A}
	EndGlobalSection
EndGlobal
