
Microsoft Visual Studio Solution File, Format Version 12.00
# Visual Studio Version 16
VisualStudioVersion = 16.0.31727.386
MinimumVisualStudioVersion = 10.0.40219.1
Project("{FAE04EC0-301F-11D3-BF4B-00C04F79EFBC}") = "Softuniada2022", "Softuniada2022\Softuniada2022.csproj", "{E7676CF1-289C-49E4-9490-6D8583E3D6D6}"
EndProject
Global
	GlobalSection(SolutionConfigurationPlatforms) = preSolution
		Debug|Any CPU = Debug|Any CPU
		Release|Any CPU = Release|Any CPU
	EndGlobalSection
	GlobalSection(ProjectConfigurationPlatforms) = postSolution
		{E7676CF1-289C-49E4-9490-6D8583E3D6D6}.Debug|Any CPU.ActiveCfg = Debug|Any CPU
		{E7676CF1-289C-49E4-9490-6D8583E3D6D6}.Debug|Any CPU.Build.0 = Debug|Any CPU
		{E7676CF1-289C-49E4-9490-6D8583E3D6D6}.Release|Any CPU.ActiveCfg = Release|Any CPU
		{E7676CF1-289C-49E4-9490-6D8583E3D6D6}.Release|Any CPU.Build.0 = Release|Any CPU
	EndGlobalSection
	GlobalSection(SolutionProperties) = preSolution
		HideSolutionNode = FALSE
	EndGlobalSection
	GlobalSection(ExtensibilityGlobals) = postSolution
		SolutionGuid = {069C4034-EAAE-44D8-88AF-4D163007580F}
	EndGlobalSection
EndGlobal
