
Microsoft Visual Studio Solution File, Format Version 12.00
# Visual Studio Version 16
VisualStudioVersion = 16.0.30804.86
MinimumVisualStudioVersion = 10.0.40219.1
Project("{FAE04EC0-301F-11D3-BF4B-00C04F79EFBC}") = "Furniture", "Furniture\Furniture.csproj", "{D71D8D9C-07C4-4785-B8BB-0D413F8F4AFD}"
EndProject
Project("{FAE04EC0-301F-11D3-BF4B-00C04F79EFBC}") = "Race", "Race\Race.csproj", "{EE70EE9B-831B-4273-88C7-2C577887D3AD}"
EndProject
Project("{FAE04EC0-301F-11D3-BF4B-00C04F79EFBC}") = "SoftUniBarIncome", "SoftUniBarIncome\SoftUniBarIncome.csproj", "{61055FE8-4D6F-4B20-9172-C6A5DA78EA6B}"
EndProject
Global
	GlobalSection(SolutionConfigurationPlatforms) = preSolution
		Debug|Any CPU = Debug|Any CPU
		Release|Any CPU = Release|Any CPU
	EndGlobalSection
	GlobalSection(ProjectConfigurationPlatforms) = postSolution
		{D71D8D9C-07C4-4785-B8BB-0D413F8F4AFD}.Debug|Any CPU.ActiveCfg = Debug|Any CPU
		{D71D8D9C-07C4-4785-B8BB-0D413F8F4AFD}.Debug|Any CPU.Build.0 = Debug|Any CPU
		{D71D8D9C-07C4-4785-B8BB-0D413F8F4AFD}.Release|Any CPU.ActiveCfg = Release|Any CPU
		{D71D8D9C-07C4-4785-B8BB-0D413F8F4AFD}.Release|Any CPU.Build.0 = Release|Any CPU
		{EE70EE9B-831B-4273-88C7-2C577887D3AD}.Debug|Any CPU.ActiveCfg = Debug|Any CPU
		{EE70EE9B-831B-4273-88C7-2C577887D3AD}.Debug|Any CPU.Build.0 = Debug|Any CPU
		{EE70EE9B-831B-4273-88C7-2C577887D3AD}.Release|Any CPU.ActiveCfg = Release|Any CPU
		{EE70EE9B-831B-4273-88C7-2C577887D3AD}.Release|Any CPU.Build.0 = Release|Any CPU
		{61055FE8-4D6F-4B20-9172-C6A5DA78EA6B}.Debug|Any CPU.ActiveCfg = Debug|Any CPU
		{61055FE8-4D6F-4B20-9172-C6A5DA78EA6B}.Debug|Any CPU.Build.0 = Debug|Any CPU
		{61055FE8-4D6F-4B20-9172-C6A5DA78EA6B}.Release|Any CPU.ActiveCfg = Release|Any CPU
		{61055FE8-4D6F-4B20-9172-C6A5DA78EA6B}.Release|Any CPU.Build.0 = Release|Any CPU
	EndGlobalSection
	GlobalSection(SolutionProperties) = preSolution
		HideSolutionNode = FALSE
	EndGlobalSection
	GlobalSection(ExtensibilityGlobals) = postSolution
		SolutionGuid = {8978D82C-FFDB-4480-8C35-9BA4E4E0FBF8}
	EndGlobalSection
EndGlobal
