
Microsoft Visual Studio Solution File, Format Version 12.00
# Visual Studio Version 16
VisualStudioVersion = 16.0.30804.86
MinimumVisualStudioVersion = 10.0.40219.1
Project("{9A19103F-16F7-4668-BE54-9A1E7A4F7556}") = "Furniture", "Furniture\Furniture.csproj", "{D71D8D9C-07C4-4785-B8BB-0D413F8F4AFD}"
EndProject
Project("{9A19103F-16F7-4668-BE54-9A1E7A4F7556}") = "Race", "Race\Race.csproj", "{EE70EE9B-831B-4273-88C7-2C577887D3AD}"
EndProject
Project("{9A19103F-16F7-4668-BE54-9A1E7A4F7556}") = "SoftUniBarIncome", "SoftUniBarIncome\SoftUniBarIncome.csproj", "{61055FE8-4D6F-4B20-9172-C6A5DA78EA6B}"
EndProject
Project("{FAE04EC0-301F-11D3-BF4B-00C04F79EFBC}") = "StarEnigma", "StarEnigma\StarEnigma.csproj", "{CFBDDE19-A9F7-40A3-90F2-D65AA6E86387}"
EndProject
Project("{FAE04EC0-301F-11D3-BF4B-00C04F79EFBC}") = "NetherRealms", "NetherRealms\NetherRealms.csproj", "{F87E02BD-CAC8-43BE-A35A-23D117D2B8BC}"
EndProject
Project("{FAE04EC0-301F-11D3-BF4B-00C04F79EFBC}") = "ExtractEmails", "ExtractEmails\ExtractEmails.csproj", "{B3B1C788-9682-495A-AB22-CCF549B22D6F}"
EndProject
Global
	GlobalSection(SolutionConfigurationPlatforms) = preSolution
		Debug|Any CPU = Debug|Any CPU
		Release|Any CPU = Release|Any CPU
	EndGlobalSection
	GlobalSection(ProjectConfigurationPlatforms) = postSolution
		{D71D8D9C-07C4-4785-B8BB-0D413F8F4AFD}.Debug|Any CPU.ActiveCfg = Debug|Any CPU
		{D71D8D9C-07C4-4785-B8BB-0D413F8F4AFD}.Debug|Any CPU.Build.0 = Debug|Any CPU
		{D71D8D9C-07C4-4785-B8BB-0D413F8F4AFD}.Release|Any CPU.ActiveCfg = Release|Any CPU
		{D71D8D9C-07C4-4785-B8BB-0D413F8F4AFD}.Release|Any CPU.Build.0 = Release|Any CPU
		{EE70EE9B-831B-4273-88C7-2C577887D3AD}.Debug|Any CPU.ActiveCfg = Debug|Any CPU
		{EE70EE9B-831B-4273-88C7-2C577887D3AD}.Debug|Any CPU.Build.0 = Debug|Any CPU
		{EE70EE9B-831B-4273-88C7-2C577887D3AD}.Release|Any CPU.ActiveCfg = Release|Any CPU
		{EE70EE9B-831B-4273-88C7-2C577887D3AD}.Release|Any CPU.Build.0 = Release|Any CPU
		{61055FE8-4D6F-4B20-9172-C6A5DA78EA6B}.Debug|Any CPU.ActiveCfg = Debug|Any CPU
		{61055FE8-4D6F-4B20-9172-C6A5DA78EA6B}.Debug|Any CPU.Build.0 = Debug|Any CPU
		{61055FE8-4D6F-4B20-9172-C6A5DA78EA6B}.Release|Any CPU.ActiveCfg = Release|Any CPU
		{61055FE8-4D6F-4B20-9172-C6A5DA78EA6B}.Release|Any CPU.Build.0 = Release|Any CPU
		{CFBDDE19-A9F7-40A3-90F2-D65AA6E86387}.Debug|Any CPU.ActiveCfg = Debug|Any CPU
		{CFBDDE19-A9F7-40A3-90F2-D65AA6E86387}.Debug|Any CPU.Build.0 = Debug|Any CPU
		{CFBDDE19-A9F7-40A3-90F2-D65AA6E86387}.Release|Any CPU.ActiveCfg = Release|Any CPU
		{CFBDDE19-A9F7-40A3-90F2-D65AA6E86387}.Release|Any CPU.Build.0 = Release|Any CPU
		{F87E02BD-CAC8-43BE-A35A-23D117D2B8BC}.Debug|Any CPU.ActiveCfg = Debug|Any CPU
		{F87E02BD-CAC8-43BE-A35A-23D117D2B8BC}.Debug|Any CPU.Build.0 = Debug|Any CPU
		{F87E02BD-CAC8-43BE-A35A-23D117D2B8BC}.Release|Any CPU.ActiveCfg = Release|Any CPU
		{F87E02BD-CAC8-43BE-A35A-23D117D2B8BC}.Release|Any CPU.Build.0 = Release|Any CPU
		{B3B1C788-9682-495A-AB22-CCF549B22D6F}.Debug|Any CPU.ActiveCfg = Debug|Any CPU
		{B3B1C788-9682-495A-AB22-CCF549B22D6F}.Debug|Any CPU.Build.0 = Debug|Any CPU
		{B3B1C788-9682-495A-AB22-CCF549B22D6F}.Release|Any CPU.ActiveCfg = Release|Any CPU
		{B3B1C788-9682-495A-AB22-CCF549B22D6F}.Release|Any CPU.Build.0 = Release|Any CPU
	EndGlobalSection
	GlobalSection(SolutionProperties) = preSolution
		HideSolutionNode = FALSE
	EndGlobalSection
	GlobalSection(ExtensibilityGlobals) = postSolution
		SolutionGuid = {8978D82C-FFDB-4480-8C35-9BA4E4E0FBF8}
	EndGlobalSection
EndGlobal
