
Microsoft Visual Studio Solution File, Format Version 12.00
# Visual Studio Version 16
VisualStudioVersion = 16.0.31729.503
MinimumVisualStudioVersion = 10.0.40219.1
Project("{9A19103F-16F7-4668-BE54-9A1E7A4F7556}") = "BasicWebServer.Server", "BasicWebServer.Server\BasicWebServer.Server.csproj", "{5AECB711-896C-4212-90ED-5DE42D70EA58}"
EndProject
Project("{9A19103F-16F7-4668-BE54-9A1E7A4F7556}") = "BasicWebServer.Demo", "BasicWebServer.Demo\BasicWebServer.Demo.csproj", "{9DB329D7-FCDA-4EA1-BC43-81EF5610D082}"
EndProject
Global
	GlobalSection(SolutionConfigurationPlatforms) = preSolution
		Debug|Any CPU = Debug|Any CPU
		Release|Any CPU = Release|Any CPU
	EndGlobalSection
	GlobalSection(ProjectConfigurationPlatforms) = postSolution
		{5AECB711-896C-4212-90ED-5DE42D70EA58}.Debug|Any CPU.ActiveCfg = Debug|Any CPU
		{5AECB711-896C-4212-90ED-5DE42D70EA58}.Debug|Any CPU.Build.0 = Debug|Any CPU
		{5AECB711-896C-4212-90ED-5DE42D70EA58}.Release|Any CPU.ActiveCfg = Release|Any CPU
		{5AECB711-896C-4212-90ED-5DE42D70EA58}.Release|Any CPU.Build.0 = Release|Any CPU
		{9DB329D7-FCDA-4EA1-BC43-81EF5610D082}.Debug|Any CPU.ActiveCfg = Debug|Any CPU
		{9DB329D7-FCDA-4EA1-BC43-81EF5610D082}.Debug|Any CPU.Build.0 = Debug|Any CPU
		{9DB329D7-FCDA-4EA1-BC43-81EF5610D082}.Release|Any CPU.ActiveCfg = Release|Any CPU
		{9DB329D7-FCDA-4EA1-BC43-81EF5610D082}.Release|Any CPU.Build.0 = Release|Any CPU
	EndGlobalSection
	GlobalSection(SolutionProperties) = preSolution
		HideSolutionNode = FALSE
	EndGlobalSection
	GlobalSection(ExtensibilityGlobals) = postSolution
		SolutionGuid = {D9F4566C-F7E2-4908-939B-A15EE14FC74F}
	EndGlobalSection
EndGlobal
