
Microsoft Visual Studio Solution File, Format Version 12.00
# Visual Studio Version 16
VisualStudioVersion = 16.0.30804.86
MinimumVisualStudioVersion = 10.0.40219.1
Project("{9A19103F-16F7-4668-BE54-9A1E7A4F7556}") = "01_SortNumbers", "01_SortNumbers\01_SortNumbers.csproj", "{819F8F1D-50C3-49DB-8725-8BC441B69ACF}"
EndProject
Project("{FAE04EC0-301F-11D3-BF4B-00C04F79EFBC}") = "02_EnglishNameOfTheLastDigit", "02_EnglishNameOfTheLastDigit\02_EnglishNameOfTheLastDigit.csproj", "{3BF72965-4F02-4BDE-BE79-D666DD69CD4E}"
EndProject
Project("{FAE04EC0-301F-11D3-BF4B-00C04F79EFBC}") = "03_GamingStore", "03_GamingStore\03_GamingStore.csproj", "{4CECAE1C-63A5-4D2A-8307-3631F058B150}"
EndProject
Project("{FAE04EC0-301F-11D3-BF4B-00C04F79EFBC}") = "04_ReverseString", "04_ReverseString\04_ReverseString.csproj", "{CBB5D442-EB69-4C96-9BA1-9B5B879EBCF2}"
EndProject
Project("{FAE04EC0-301F-11D3-BF4B-00C04F79EFBC}") = "05_Messages", "05_Messages\05_Messages.csproj", "{395AF6F0-EBE4-445B-B3D6-C45261A11E70}"
EndProject
Global
	GlobalSection(SolutionConfigurationPlatforms) = preSolution
		Debug|Any CPU = Debug|Any CPU
		Release|Any CPU = Release|Any CPU
	EndGlobalSection
	GlobalSection(ProjectConfigurationPlatforms) = postSolution
		{819F8F1D-50C3-49DB-8725-8BC441B69ACF}.Debug|Any CPU.ActiveCfg = Debug|Any CPU
		{819F8F1D-50C3-49DB-8725-8BC441B69ACF}.Debug|Any CPU.Build.0 = Debug|Any CPU
		{819F8F1D-50C3-49DB-8725-8BC441B69ACF}.Release|Any CPU.ActiveCfg = Release|Any CPU
		{819F8F1D-50C3-49DB-8725-8BC441B69ACF}.Release|Any CPU.Build.0 = Release|Any CPU
		{3BF72965-4F02-4BDE-BE79-D666DD69CD4E}.Debug|Any CPU.ActiveCfg = Debug|Any CPU
		{3BF72965-4F02-4BDE-BE79-D666DD69CD4E}.Debug|Any CPU.Build.0 = Debug|Any CPU
		{3BF72965-4F02-4BDE-BE79-D666DD69CD4E}.Release|Any CPU.ActiveCfg = Release|Any CPU
		{3BF72965-4F02-4BDE-BE79-D666DD69CD4E}.Release|Any CPU.Build.0 = Release|Any CPU
		{4CECAE1C-63A5-4D2A-8307-3631F058B150}.Debug|Any CPU.ActiveCfg = Debug|Any CPU
		{4CECAE1C-63A5-4D2A-8307-3631F058B150}.Debug|Any CPU.Build.0 = Debug|Any CPU
		{4CECAE1C-63A5-4D2A-8307-3631F058B150}.Release|Any CPU.ActiveCfg = Release|Any CPU
		{4CECAE1C-63A5-4D2A-8307-3631F058B150}.Release|Any CPU.Build.0 = Release|Any CPU
		{CBB5D442-EB69-4C96-9BA1-9B5B879EBCF2}.Debug|Any CPU.ActiveCfg = Debug|Any CPU
		{CBB5D442-EB69-4C96-9BA1-9B5B879EBCF2}.Debug|Any CPU.Build.0 = Debug|Any CPU
		{CBB5D442-EB69-4C96-9BA1-9B5B879EBCF2}.Release|Any CPU.ActiveCfg = Release|Any CPU
		{CBB5D442-EB69-4C96-9BA1-9B5B879EBCF2}.Release|Any CPU.Build.0 = Release|Any CPU
		{395AF6F0-EBE4-445B-B3D6-C45261A11E70}.Debug|Any CPU.ActiveCfg = Debug|Any CPU
		{395AF6F0-EBE4-445B-B3D6-C45261A11E70}.Debug|Any CPU.Build.0 = Debug|Any CPU
		{395AF6F0-EBE4-445B-B3D6-C45261A11E70}.Release|Any CPU.ActiveCfg = Release|Any CPU
		{395AF6F0-EBE4-445B-B3D6-C45261A11E70}.Release|Any CPU.Build.0 = Release|Any CPU
	EndGlobalSection
	GlobalSection(SolutionProperties) = preSolution
		HideSolutionNode = FALSE
	EndGlobalSection
	GlobalSection(ExtensibilityGlobals) = postSolution
		SolutionGuid = {F45C042D-402A-4E1F-A2CF-07E58541B1FE}
	EndGlobalSection
EndGlobal
