
Microsoft Visual Studio Solution File, Format Version 12.00
# Visual Studio Version 16
VisualStudioVersion = 16.0.30804.86
MinimumVisualStudioVersion = 10.0.40219.1
Project("{FAE04EC0-301F-11D3-BF4B-00C04F79EFBC}") = "DayOfWeek", "DayOfWeek\DayOfWeek.csproj", "{83B80BDC-FA31-40BA-836B-EBB466E221A2}"
EndProject
Project("{FAE04EC0-301F-11D3-BF4B-00C04F79EFBC}") = "PrintNumbersInReverseOrder", "PrintNumbersInReverseOrder\PrintNumbersInReverseOrder.csproj", "{7BC8582B-0523-4EBE-AF98-8A7C085FE7FB}"
EndProject
Project("{FAE04EC0-301F-11D3-BF4B-00C04F79EFBC}") = "RoundingNumbers", "RoundingNumbers\RoundingNumbers.csproj", "{E44FB237-B1C8-4C8F-953B-02029AF48A11}"
EndProject
Global
	GlobalSection(SolutionConfigurationPlatforms) = preSolution
		Debug|Any CPU = Debug|Any CPU
		Release|Any CPU = Release|Any CPU
	EndGlobalSection
	GlobalSection(ProjectConfigurationPlatforms) = postSolution
		{83B80BDC-FA31-40BA-836B-EBB466E221A2}.Debug|Any CPU.ActiveCfg = Debug|Any CPU
		{83B80BDC-FA31-40BA-836B-EBB466E221A2}.Debug|Any CPU.Build.0 = Debug|Any CPU
		{83B80BDC-FA31-40BA-836B-EBB466E221A2}.Release|Any CPU.ActiveCfg = Release|Any CPU
		{83B80BDC-FA31-40BA-836B-EBB466E221A2}.Release|Any CPU.Build.0 = Release|Any CPU
		{7BC8582B-0523-4EBE-AF98-8A7C085FE7FB}.Debug|Any CPU.ActiveCfg = Debug|Any CPU
		{7BC8582B-0523-4EBE-AF98-8A7C085FE7FB}.Debug|Any CPU.Build.0 = Debug|Any CPU
		{7BC8582B-0523-4EBE-AF98-8A7C085FE7FB}.Release|Any CPU.ActiveCfg = Release|Any CPU
		{7BC8582B-0523-4EBE-AF98-8A7C085FE7FB}.Release|Any CPU.Build.0 = Release|Any CPU
		{E44FB237-B1C8-4C8F-953B-02029AF48A11}.Debug|Any CPU.ActiveCfg = Debug|Any CPU
		{E44FB237-B1C8-4C8F-953B-02029AF48A11}.Debug|Any CPU.Build.0 = Debug|Any CPU
		{E44FB237-B1C8-4C8F-953B-02029AF48A11}.Release|Any CPU.ActiveCfg = Release|Any CPU
		{E44FB237-B1C8-4C8F-953B-02029AF48A11}.Release|Any CPU.Build.0 = Release|Any CPU
	EndGlobalSection
	GlobalSection(SolutionProperties) = preSolution
		HideSolutionNode = FALSE
	EndGlobalSection
	GlobalSection(ExtensibilityGlobals) = postSolution
		SolutionGuid = {47591418-4CEB-440E-9EC2-39AC42DE491F}
	EndGlobalSection
EndGlobal
