
Microsoft Visual Studio Solution File, Format Version 12.00
# Visual Studio Version 16
VisualStudioVersion = 16.0.30804.86
MinimumVisualStudioVersion = 10.0.40219.1
Project("{FAE04EC0-301F-11D3-BF4B-00C04F79EFBC}") = "WinningTicket", "WinningTicket\WinningTicket.csproj", "{01BE8244-BCA0-489E-85E9-92475672812A}"
EndProject
Global
	GlobalSection(SolutionConfigurationPlatforms) = preSolution
		Debug|Any CPU = Debug|Any CPU
		Release|Any CPU = Release|Any CPU
	EndGlobalSection
	GlobalSection(ProjectConfigurationPlatforms) = postSolution
		{01BE8244-BCA0-489E-85E9-92475672812A}.Debug|Any CPU.ActiveCfg = Debug|Any CPU
		{01BE8244-BCA0-489E-85E9-92475672812A}.Debug|Any CPU.Build.0 = Debug|Any CPU
		{01BE8244-BCA0-489E-85E9-92475672812A}.Release|Any CPU.ActiveCfg = Release|Any CPU
		{01BE8244-BCA0-489E-85E9-92475672812A}.Release|Any CPU.Build.0 = Release|Any CPU
	EndGlobalSection
	GlobalSection(SolutionProperties) = preSolution
		HideSolutionNode = FALSE
	EndGlobalSection
	GlobalSection(ExtensibilityGlobals) = postSolution
		SolutionGuid = {0765DA6B-42AA-412D-B214-AED5DF5A4EA9}
	EndGlobalSection
EndGlobal
