
Microsoft Visual Studio Solution File, Format Version 12.00
# Visual Studio Version 16
VisualStudioVersion = 16.0.31129.286
MinimumVisualStudioVersion = 10.0.40219.1
Project("{FAE04EC0-301F-11D3-BF4B-00C04F79EFBC}") = "ListyIterator", "ListyIterator\ListyIterator.csproj", "{CEE8AB3B-4A0E-443A-A89D-7F19187B6C4C}"
EndProject
Global
	GlobalSection(SolutionConfigurationPlatforms) = preSolution
		Debug|Any CPU = Debug|Any CPU
		Release|Any CPU = Release|Any CPU
	EndGlobalSection
	GlobalSection(ProjectConfigurationPlatforms) = postSolution
		{CEE8AB3B-4A0E-443A-A89D-7F19187B6C4C}.Debug|Any CPU.ActiveCfg = Debug|Any CPU
		{CEE8AB3B-4A0E-443A-A89D-7F19187B6C4C}.Debug|Any CPU.Build.0 = Debug|Any CPU
		{CEE8AB3B-4A0E-443A-A89D-7F19187B6C4C}.Release|Any CPU.ActiveCfg = Release|Any CPU
		{CEE8AB3B-4A0E-443A-A89D-7F19187B6C4C}.Release|Any CPU.Build.0 = Release|Any CPU
	EndGlobalSection
	GlobalSection(SolutionProperties) = preSolution
		HideSolutionNode = FALSE
	EndGlobalSection
	GlobalSection(ExtensibilityGlobals) = postSolution
		SolutionGuid = {BF35B083-120C-4B03-A708-791B4D2FA362}
	EndGlobalSection
EndGlobal
