
Microsoft Visual Studio Solution File, Format Version 12.00
# Visual Studio Version 16
VisualStudioVersion = 16.0.30804.86
MinimumVisualStudioVersion = 10.0.40219.1
Project("{FAE04EC0-301F-11D3-BF4B-00C04F79EFBC}") = "Shapes", "Shapes\Shapes.csproj", "{D084CB1E-8FB6-4819-A8BF-57F93719AE2F}"
EndProject
Project("{FAE04EC0-301F-11D3-BF4B-00C04F79EFBC}") = "Cars", "Cars\Cars.csproj", "{7E075831-737C-488E-88BB-6A9AA190A03F}"
EndProject
Global
	GlobalSection(SolutionConfigurationPlatforms) = preSolution
		Debug|Any CPU = Debug|Any CPU
		Release|Any CPU = Release|Any CPU
	EndGlobalSection
	GlobalSection(ProjectConfigurationPlatforms) = postSolution
		{D084CB1E-8FB6-4819-A8BF-57F93719AE2F}.Debug|Any CPU.ActiveCfg = Debug|Any CPU
		{D084CB1E-8FB6-4819-A8BF-57F93719AE2F}.Debug|Any CPU.Build.0 = Debug|Any CPU
		{D084CB1E-8FB6-4819-A8BF-57F93719AE2F}.Release|Any CPU.ActiveCfg = Release|Any CPU
		{D084CB1E-8FB6-4819-A8BF-57F93719AE2F}.Release|Any CPU.Build.0 = Release|Any CPU
		{7E075831-737C-488E-88BB-6A9AA190A03F}.Debug|Any CPU.ActiveCfg = Debug|Any CPU
		{7E075831-737C-488E-88BB-6A9AA190A03F}.Debug|Any CPU.Build.0 = Debug|Any CPU
		{7E075831-737C-488E-88BB-6A9AA190A03F}.Release|Any CPU.ActiveCfg = Release|Any CPU
		{7E075831-737C-488E-88BB-6A9AA190A03F}.Release|Any CPU.Build.0 = Release|Any CPU
	EndGlobalSection
	GlobalSection(SolutionProperties) = preSolution
		HideSolutionNode = FALSE
	EndGlobalSection
	GlobalSection(ExtensibilityGlobals) = postSolution
		SolutionGuid = {4CC1128D-9F1C-473C-B6A1-CB68C873A46E}
	EndGlobalSection
EndGlobal
