
Microsoft Visual Studio Solution File, Format Version 12.00
# Visual Studio Version 16
VisualStudioVersion = 16.0.30804.86
MinimumVisualStudioVersion = 10.0.40219.1
Project("{FAE04EC0-301F-11D3-BF4B-00C04F79EFBC}") = "01. Cat Diet", "01. Cat Diet\01. Cat Diet.csproj", "{D073157A-7E66-4187-8E87-34818A6F2772}"
EndProject
Project("{FAE04EC0-301F-11D3-BF4B-00C04F79EFBC}") = "02. Maiden Party", "02. Maiden Party\02. Maiden Party.csproj", "{BB06CFF7-695F-4D96-8886-DC8201F79D17}"
EndProject
Project("{FAE04EC0-301F-11D3-BF4B-00C04F79EFBC}") = "03. Santas Holiday", "03. Santas Holiday\03. Santas Holiday.csproj", "{8628C4E2-80BE-4A97-8531-8D9682DEAD22}"
EndProject
Project("{FAE04EC0-301F-11D3-BF4B-00C04F79EFBC}") = "04. Computer Firm", "04. Computer Firm\04. Computer Firm.csproj", "{237D9C09-5912-4EF6-B4FB-3BD4DFC72557}"
EndProject
Project("{FAE04EC0-301F-11D3-BF4B-00C04F79EFBC}") = "05. Everest", "05. Everest\05. Everest.csproj", "{1A4CEF41-E685-4888-8459-F355CE4CA12D}"
EndProject
Project("{FAE04EC0-301F-11D3-BF4B-00C04F79EFBC}") = "06. Unique PIN Codes", "06. Unique PIN Codes\06. Unique PIN Codes.csproj", "{BB1B2CD1-C6C4-44A5-9E2F-202E2D616CDD}"
EndProject
Global
	GlobalSection(SolutionConfigurationPlatforms) = preSolution
		Debug|Any CPU = Debug|Any CPU
		Release|Any CPU = Release|Any CPU
	EndGlobalSection
	GlobalSection(ProjectConfigurationPlatforms) = postSolution
		{D073157A-7E66-4187-8E87-34818A6F2772}.Debug|Any CPU.ActiveCfg = Debug|Any CPU
		{D073157A-7E66-4187-8E87-34818A6F2772}.Debug|Any CPU.Build.0 = Debug|Any CPU
		{D073157A-7E66-4187-8E87-34818A6F2772}.Release|Any CPU.ActiveCfg = Release|Any CPU
		{D073157A-7E66-4187-8E87-34818A6F2772}.Release|Any CPU.Build.0 = Release|Any CPU
		{BB06CFF7-695F-4D96-8886-DC8201F79D17}.Debug|Any CPU.ActiveCfg = Debug|Any CPU
		{BB06CFF7-695F-4D96-8886-DC8201F79D17}.Debug|Any CPU.Build.0 = Debug|Any CPU
		{BB06CFF7-695F-4D96-8886-DC8201F79D17}.Release|Any CPU.ActiveCfg = Release|Any CPU
		{BB06CFF7-695F-4D96-8886-DC8201F79D17}.Release|Any CPU.Build.0 = Release|Any CPU
		{8628C4E2-80BE-4A97-8531-8D9682DEAD22}.Debug|Any CPU.ActiveCfg = Debug|Any CPU
		{8628C4E2-80BE-4A97-8531-8D9682DEAD22}.Debug|Any CPU.Build.0 = Debug|Any CPU
		{8628C4E2-80BE-4A97-8531-8D9682DEAD22}.Release|Any CPU.ActiveCfg = Release|Any CPU
		{8628C4E2-80BE-4A97-8531-8D9682DEAD22}.Release|Any CPU.Build.0 = Release|Any CPU
		{237D9C09-5912-4EF6-B4FB-3BD4DFC72557}.Debug|Any CPU.ActiveCfg = Debug|Any CPU
		{237D9C09-5912-4EF6-B4FB-3BD4DFC72557}.Debug|Any CPU.Build.0 = Debug|Any CPU
		{237D9C09-5912-4EF6-B4FB-3BD4DFC72557}.Release|Any CPU.ActiveCfg = Release|Any CPU
		{237D9C09-5912-4EF6-B4FB-3BD4DFC72557}.Release|Any CPU.Build.0 = Release|Any CPU
		{1A4CEF41-E685-4888-8459-F355CE4CA12D}.Debug|Any CPU.ActiveCfg = Debug|Any CPU
		{1A4CEF41-E685-4888-8459-F355CE4CA12D}.Debug|Any CPU.Build.0 = Debug|Any CPU
		{1A4CEF41-E685-4888-8459-F355CE4CA12D}.Release|Any CPU.ActiveCfg = Release|Any CPU
		{1A4CEF41-E685-4888-8459-F355CE4CA12D}.Release|Any CPU.Build.0 = Release|Any CPU
		{BB1B2CD1-C6C4-44A5-9E2F-202E2D616CDD}.Debug|Any CPU.ActiveCfg = Debug|Any CPU
		{BB1B2CD1-C6C4-44A5-9E2F-202E2D616CDD}.Debug|Any CPU.Build.0 = Debug|Any CPU
		{BB1B2CD1-C6C4-44A5-9E2F-202E2D616CDD}.Release|Any CPU.ActiveCfg = Release|Any CPU
		{BB1B2CD1-C6C4-44A5-9E2F-202E2D616CDD}.Release|Any CPU.Build.0 = Release|Any CPU
	EndGlobalSection
	GlobalSection(SolutionProperties) = preSolution
		HideSolutionNode = FALSE
	EndGlobalSection
	GlobalSection(ExtensibilityGlobals) = postSolution
		SolutionGuid = {408D40D6-A69E-4E01-A4FD-90CA9F33E9BB}
	EndGlobalSection
EndGlobal
